
Microsoft Visual Studio Solution File, Format Version 12.00
# Visual Studio Version 16
VisualStudioVersion = 16.0.31129.286
MinimumVisualStudioVersion = 10.0.40219.1
Project("{FAE04EC0-301F-11D3-BF4B-00C04F79EFBC}") = "AplicatieCamine", "AplicatieCamine.csproj", "{B8A84F49-AE9B-4BC8-9553-3B7C6428C68D}"
EndProject
Global
	GlobalSection(SolutionConfigurationPlatforms) = preSolution
		Debug|Any CPU = Debug|Any CPU
		Release|Any CPU = Release|Any CPU
	EndGlobalSection
	GlobalSection(ProjectConfigurationPlatforms) = postSolution
		{B8A84F49-AE9B-4BC8-9553-3B7C6428C68D}.Debug|Any CPU.ActiveCfg = Debug|Any CPU
		{B8A84F49-AE9B-4BC8-9553-3B7C6428C68D}.Debug|Any CPU.Build.0 = Debug|Any CPU
		{B8A84F49-AE9B-4BC8-9553-3B7C6428C68D}.Release|Any CPU.ActiveCfg = Release|Any CPU
		{B8A84F49-AE9B-4BC8-9553-3B7C6428C68D}.Release|Any CPU.Build.0 = Release|Any CPU
	EndGlobalSection
	GlobalSection(SolutionProperties) = preSolution
		HideSolutionNode = FALSE
	EndGlobalSection
	GlobalSection(ExtensibilityGlobals) = postSolution
		SolutionGuid = {4A9B5FA3-9C52-44DF-AF4B-57EC93B3F448}
	EndGlobalSection
EndGlobal
